
Microsoft Visual Studio Solution File, Format Version 12.00
# Visual Studio Version 17
VisualStudioVersion = 17.3.32922.545
MinimumVisualStudioVersion = 10.0.40219.1
Project("{FAE04EC0-301F-11D3-BF4B-00C04F79EFBC}") = "CabInvoiceGeneratorBatch", "CabInvoiceGeneratorBatch\CabInvoiceGeneratorBatch.csproj", "{13A840E7-CD8D-461A-8419-9B95C5DB330F}"
EndProject
Project("{FAE04EC0-301F-11D3-BF4B-00C04F79EFBC}") = "CabInvoiceGeneratorAppTest", "CabInvoiceGeneratorAppTest\CabInvoiceGeneratorAppTest.csproj", "{59EFBB82-99B2-41C7-B70C-B585965F0972}"
EndProject
Global
	GlobalSection(SolutionConfigurationPlatforms) = preSolution
		Debug|Any CPU = Debug|Any CPU
		Release|Any CPU = Release|Any CPU
	EndGlobalSection
	GlobalSection(ProjectConfigurationPlatforms) = postSolution
		{13A840E7-CD8D-461A-8419-9B95C5DB330F}.Debug|Any CPU.ActiveCfg = Debug|Any CPU
		{13A840E7-CD8D-461A-8419-9B95C5DB330F}.Debug|Any CPU.Build.0 = Debug|Any CPU
		{13A840E7-CD8D-461A-8419-9B95C5DB330F}.Release|Any CPU.ActiveCfg = Release|Any CPU
		{13A840E7-CD8D-461A-8419-9B95C5DB330F}.Release|Any CPU.Build.0 = Release|Any CPU
		{59EFBB82-99B2-41C7-B70C-B585965F0972}.Debug|Any CPU.ActiveCfg = Debug|Any CPU
		{59EFBB82-99B2-41C7-B70C-B585965F0972}.Debug|Any CPU.Build.0 = Debug|Any CPU
		{59EFBB82-99B2-41C7-B70C-B585965F0972}.Release|Any CPU.ActiveCfg = Release|Any CPU
		{59EFBB82-99B2-41C7-B70C-B585965F0972}.Release|Any CPU.Build.0 = Release|Any CPU
	EndGlobalSection
	GlobalSection(SolutionProperties) = preSolution
		HideSolutionNode = FALSE
	EndGlobalSection
	GlobalSection(ExtensibilityGlobals) = postSolution
		SolutionGuid = {438B23A2-4A7A-4608-B3F7-BCBD5EA93EBC}
	EndGlobalSection
EndGlobal
